
Microsoft Visual Studio Solution File, Format Version 12.00
# Visual Studio Version 16
VisualStudioVersion = 16.0.31515.178
MinimumVisualStudioVersion = 10.0.40219.1
Project("{FAE04EC0-301F-11D3-BF4B-00C04F79EFBC}") = "WebApi", "WebApi\WebApi.csproj", "{97726E79-5829-465E-95BB-F788254F2753}"
EndProject
Global
	GlobalSection(SolutionConfigurationPlatforms) = preSolution
		Debug|Any CPU = Debug|Any CPU
		Release|Any CPU = Release|Any CPU
	EndGlobalSection
	GlobalSection(ProjectConfigurationPlatforms) = postSolution
		{97726E79-5829-465E-95BB-F788254F2753}.Debug|Any CPU.ActiveCfg = Debug|Any CPU
		{97726E79-5829-465E-95BB-F788254F2753}.Debug|Any CPU.Build.0 = Debug|Any CPU
		{97726E79-5829-465E-95BB-F788254F2753}.Release|Any CPU.ActiveCfg = Release|Any CPU
		{97726E79-5829-465E-95BB-F788254F2753}.Release|Any CPU.Build.0 = Release|Any CPU
	EndGlobalSection
	GlobalSection(SolutionProperties) = preSolution
		HideSolutionNode = FALSE
	EndGlobalSection
	GlobalSection(ExtensibilityGlobals) = postSolution
		SolutionGuid = {E3A3BB3F-F720-48B2-96A2-065B0096EB49}
	EndGlobalSection
EndGlobal
